
Microsoft Visual Studio Solution File, Format Version 12.00
# Visual Studio 15
VisualStudioVersion = 15.0.26823.1
MinimumVisualStudioVersion = 10.0.40219.1
Project("{FAE04EC0-301F-11D3-BF4B-00C04F79EFBC}") = "DCWcfTestApp", "DCWcfTestApp\DCWcfTestApp.csproj", "{162E9E6C-47A9-41C5-937A-94D5B1F0248A}"
EndProject
Global
	GlobalSection(SolutionConfigurationPlatforms) = preSolution
		Debug|Any CPU = Debug|Any CPU
		Release|Any CPU = Release|Any CPU
	EndGlobalSection
	GlobalSection(ProjectConfigurationPlatforms) = postSolution
		{162E9E6C-47A9-41C5-937A-94D5B1F0248A}.Debug|Any CPU.ActiveCfg = Debug|Any CPU
		{162E9E6C-47A9-41C5-937A-94D5B1F0248A}.Debug|Any CPU.Build.0 = Debug|Any CPU
		{162E9E6C-47A9-41C5-937A-94D5B1F0248A}.Release|Any CPU.ActiveCfg = Release|Any CPU
		{162E9E6C-47A9-41C5-937A-94D5B1F0248A}.Release|Any CPU.Build.0 = Release|Any CPU
	EndGlobalSection
	GlobalSection(SolutionProperties) = preSolution
		HideSolutionNode = FALSE
	EndGlobalSection
	GlobalSection(ExtensibilityGlobals) = postSolution
		SolutionGuid = {88DFBF91-5B97-4630-A51C-11578876B4BD}
	EndGlobalSection
EndGlobal
